// !$*UTF8*$!
{
	archiveVersion = 1;
	classes = {
	};
	objectVersion = 50;
	objects = {

/* Begin PBXBuildFile section */
		279E6641215FD90D00244A99 /* AppDelegate.swift in Sources */ = {isa = PBXBuildFile; fileRef = 279E6640215FD90D00244A99 /* AppDelegate.swift */; };
		279E6643215FD90D00244A99 /* ViewController.swift in Sources */ = {isa = PBXBuildFile; fileRef = 279E6642215FD90D00244A99 /* ViewController.swift */; };
		279E6646215FD90D00244A99 /* Main.storyboard in Resources */ = {isa = PBXBuildFile; fileRef = 279E6644215FD90D00244A99 /* Main.storyboard */; };
		279E6648215FD90E00244A99 /* Assets.xcassets in Resources */ = {isa = PBXBuildFile; fileRef = 279E6647215FD90E00244A99 /* Assets.xcassets */; };
		279E664B215FD90E00244A99 /* LaunchScreen.storyboard in Resources */ = {isa = PBXBuildFile; fileRef = 279E6649215FD90E00244A99 /* LaunchScreen.storyboard */; };
		279E6656215FD90E00244A99 /* HarryWei_Lab3Tests.swift in Sources */ = {isa = PBXBuildFile; fileRef = 279E6655215FD90E00244A99 /* HarryWei_Lab3Tests.swift */; };
		279E6661215FD90E00244A99 /* HarryWei_Lab3UITests.swift in Sources */ = {isa = PBXBuildFile; fileRef = 279E6660215FD90E00244A99 /* HarryWei_Lab3UITests.swift */; };
		279E666F215FDFEC00244A99 /* Line.swift in Sources */ = {isa = PBXBuildFile; fileRef = 279E666E215FDFEC00244A99 /* Line.swift */; };
		279E6671215FE05800244A99 /* LineView.swift in Sources */ = {isa = PBXBuildFile; fileRef = 279E6670215FE05800244A99 /* LineView.swift */; };
		279E6673216447FB00244A99 /* Circle.swift in Sources */ = {isa = PBXBuildFile; fileRef = 279E6672216447FB00244A99 /* Circle.swift */; };
		279E66752164494300244A99 /* CircleView.swift in Sources */ = {isa = PBXBuildFile; fileRef = 279E66742164494300244A99 /* CircleView.swift */; };
/* End PBXBuildFile section */

/* Begin PBXContainerItemProxy section */
		279E6652215FD90E00244A99 /* PBXContainerItemProxy */ = {
			isa = PBXContainerItemProxy;
			containerPortal = 279E6635215FD90D00244A99 /* Project object */;
			proxyType = 1;
			remoteGlobalIDString = 279E663C215FD90D00244A99;
			remoteInfo = "HarryWei-Lab3";
		};
		279E665D215FD90E00244A99 /* PBXContainerItemProxy */ = {
			isa = PBXContainerItemProxy;
			containerPortal = 279E6635215FD90D00244A99 /* Project object */;
			proxyType = 1;
			remoteGlobalIDString = 279E663C215FD90D00244A99;
			remoteInfo = "HarryWei-Lab3";
		};
/* End PBXContainerItemProxy section */

/* Begin PBXFileReference section */
		279E663D215FD90D00244A99 /* HarryWei-Lab3.app */ = {isa = PBXFileReference; explicitFileType = wrapper.application; includeInIndex = 0; path = "HarryWei-Lab3.app"; sourceTree = BUILT_PRODUCTS_DIR; };
		279E6640215FD90D00244A99 /* AppDelegate.swift */ = {isa = PBXFileReference; lastKnownFileType = sourcecode.swift; path = AppDelegate.swift; sourceTree = "<group>"; };
		279E6642215FD90D00244A99 /* ViewController.swift */ = {isa = PBXFileReference; lastKnownFileType = sourcecode.swift; path = ViewController.swift; sourceTree = "<group>"; };
		279E6645215FD90D00244A99 /* Base */ = {isa = PBXFileReference; lastKnownFileType = file.storyboard; name = Base; path = Base.lproj/Main.storyboard; sourceTree = "<group>"; };
		279E6647215FD90E00244A99 /* Assets.xcassets */ = {isa = PBXFileReference; lastKnownFileType = folder.assetcatalog; path = Assets.xcassets; sourceTree = "<group>"; };
		279E664A215FD90E00244A99 /* Base */ = {isa = PBXFileReference; lastKnownFileType = file.storyboard; name = Base; path = Base.lproj/LaunchScreen.storyboard; sourceTree = "<group>"; };
		279E664C215FD90E00244A99 /* Info.plist */ = {isa = PBXFileReference; lastKnownFileType = text.plist.xml; path = Info.plist; sourceTree = "<group>"; };
		279E6651215FD90E00244A99 /* HarryWei-Lab3Tests.xctest */ = {isa = PBXFileReference; explicitFileType = wrapper.cfbundle; includeInIndex = 0; path = "HarryWei-Lab3Tests.xctest"; sourceTree = BUILT_PRODUCTS_DIR; };
		279E6655215FD90E00244A99 /* HarryWei_Lab3Tests.swift */ = {isa = PBXFileReference; lastKnownFileType = sourcecode.swift; path = HarryWei_Lab3Tests.swift; sourceTree = "<group>"; };
		279E6657215FD90E00244A99 /* Info.plist */ = {isa = PBXFileReference; lastKnownFileType = text.plist.xml; path = Info.plist; sourceTree = "<group>"; };
		279E665C215FD90E00244A99 /* HarryWei-Lab3UITests.xctest */ = {isa = PBXFileReference; explicitFileType = wrapper.cfbundle; includeInIndex = 0; path = "HarryWei-Lab3UITests.xctest"; sourceTree = BUILT_PRODUCTS_DIR; };
		279E6660215FD90E00244A99 /* HarryWei_Lab3UITests.swift */ = {isa = PBXFileReference; lastKnownFileType = sourcecode.swift; path = HarryWei_Lab3UITests.swift; sourceTree = "<group>"; };
		279E6662215FD90E00244A99 /* Info.plist */ = {isa = PBXFileReference; lastKnownFileType = text.plist.xml; path = Info.plist; sourceTree = "<group>"; };
		279E666E215FDFEC00244A99 /* Line.swift */ = {isa = PBXFileReference; lastKnownFileType = sourcecode.swift; path = Line.swift; sourceTree = "<group>"; };
		279E6670215FE05800244A99 /* LineView.swift */ = {isa = PBXFileReference; lastKnownFileType = sourcecode.swift; path = LineView.swift; sourceTree = "<group>"; };
		279E6672216447FB00244A99 /* Circle.swift */ = {isa = PBXFileReference; lastKnownFileType = sourcecode.swift; path = Circle.swift; sourceTree = "<group>"; };
		279E66742164494300244A99 /* CircleView.swift */ = {isa = PBXFileReference; lastKnownFileType = sourcecode.swift; path = CircleView.swift; sourceTree = "<group>"; };
/* End PBXFileReference section */

/* Begin PBXFrameworksBuildPhase section */
		279E663A215FD90D00244A99 /* Frameworks */ = {
			isa = PBXFrameworksBuildPhase;
			buildActionMask = 2147483647;
			files = (
			);
			runOnlyForDeploymentPostprocessing = 0;
		};
		279E664E215FD90E00244A99 /* Frameworks */ = {
			isa = PBXFrameworksBuildPhase;
			buildActionMask = 2147483647;
			files = (
			);
			runOnlyForDeploymentPostprocessing = 0;
		};
		279E6659215FD90E00244A99 /* Frameworks */ = {
			isa = PBXFrameworksBuildPhase;
			buildActionMask = 2147483647;
			files = (
			);
			runOnlyForDeploymentPostprocessing = 0;
		};
/* End PBXFrameworksBuildPhase section */

/* Begin PBXGroup section */
		279E6634215FD90D00244A99 = {
			isa = PBXGroup;
			children = (
				279E663F215FD90D00244A99 /* HarryWei-Lab3 */,
				279E6654215FD90E00244A99 /* HarryWei-Lab3Tests */,
				279E665F215FD90E00244A99 /* HarryWei-Lab3UITests */,
				279E663E215FD90D00244A99 /* Products */,
			);
			sourceTree = "<group>";
		};
		279E663E215FD90D00244A99 /* Products */ = {
			isa = PBXGroup;
			children = (
				279E663D215FD90D00244A99 /* HarryWei-Lab3.app */,
				279E6651215FD90E00244A99 /* HarryWei-Lab3Tests.xctest */,
				279E665C215FD90E00244A99 /* HarryWei-Lab3UITests.xctest */,
			);
			name = Products;
			sourceTree = "<group>";
		};
		279E663F215FD90D00244A99 /* HarryWei-Lab3 */ = {
			isa = PBXGroup;
			children = (
				279E6640215FD90D00244A99 /* AppDelegate.swift */,
				279E6642215FD90D00244A99 /* ViewController.swift */,
				279E6644215FD90D00244A99 /* Main.storyboard */,
				279E6647215FD90E00244A99 /* Assets.xcassets */,
				279E6649215FD90E00244A99 /* LaunchScreen.storyboard */,
				279E664C215FD90E00244A99 /* Info.plist */,
				279E666E215FDFEC00244A99 /* Line.swift */,
				279E6670215FE05800244A99 /* LineView.swift */,
				279E6672216447FB00244A99 /* Circle.swift */,
				279E66742164494300244A99 /* CircleView.swift */,
			);
			path = "HarryWei-Lab3";
			sourceTree = "<group>";
		};
		279E6654215FD90E00244A99 /* HarryWei-Lab3Tests */ = {
			isa = PBXGroup;
			children = (
				279E6655215FD90E00244A99 /* HarryWei_Lab3Tests.swift */,
				279E6657215FD90E00244A99 /* Info.plist */,
			);
			path = "HarryWei-Lab3Tests";
			sourceTree = "<group>";
		};
		279E665F215FD90E00244A99 /* HarryWei-Lab3UITests */ = {
			isa = PBXGroup;
			children = (
				279E6660215FD90E00244A99 /* HarryWei_Lab3UITests.swift */,
				279E6662215FD90E00244A99 /* Info.plist */,
			);
			path = "HarryWei-Lab3UITests";
			sourceTree = "<group>";
		};
/* End PBXGroup section */

/* Begin PBXNativeTarget section */
		279E663C215FD90D00244A99 /* HarryWei-Lab3 */ = {
			isa = PBXNativeTarget;
			buildConfigurationList = 279E6665215FD90E00244A99 /* Build configuration list for PBXNativeTarget "HarryWei-Lab3" */;
			buildPhases = (
				279E6639215FD90D00244A99 /* Sources */,
				279E663A215FD90D00244A99 /* Frameworks */,
				279E663B215FD90D00244A99 /* Resources */,
			);
			buildRules = (
			);
			dependencies = (
			);
			name = "HarryWei-Lab3";
			productName = "HarryWei-Lab3";
			productReference = 279E663D215FD90D00244A99 /* HarryWei-Lab3.app */;
			productType = "com.apple.product-type.application";
		};
		279E6650215FD90E00244A99 /* HarryWei-Lab3Tests */ = {
			isa = PBXNativeTarget;
			buildConfigurationList = 279E6668215FD90E00244A99 /* Build configuration list for PBXNativeTarget "HarryWei-Lab3Tests" */;
			buildPhases = (
				279E664D215FD90E00244A99 /* Sources */,
				279E664E215FD90E00244A99 /* Frameworks */,
				279E664F215FD90E00244A99 /* Resources */,
			);
			buildRules = (
			);
			dependencies = (
				279E6653215FD90E00244A99 /* PBXTargetDependency */,
			);
			name = "HarryWei-Lab3Tests";
			productName = "HarryWei-Lab3Tests";
			productReference = 279E6651215FD90E00244A99 /* HarryWei-Lab3Tests.xctest */;
			productType = "com.apple.product-type.bundle.unit-test";
		};
		279E665B215FD90E00244A99 /* HarryWei-Lab3UITests */ = {
			isa = PBXNativeTarget;
			buildConfigurationList = 279E666B215FD90E00244A99 /* Build configuration list for PBXNativeTarget "HarryWei-Lab3UITests" */;
			buildPhases = (
				279E6658215FD90E00244A99 /* Sources */,
				279E6659215FD90E00244A99 /* Frameworks */,
				279E665A215FD90E00244A99 /* Resources */,
			);
			buildRules = (
			);
			dependencies = (
				279E665E215FD90E00244A99 /* PBXTargetDependency */,
			);
			name = "HarryWei-Lab3UITests";
			productName = "HarryWei-Lab3UITests";
			productReference = 279E665C215FD90E00244A99 /* HarryWei-Lab3UITests.xctest */;
			productType = "com.apple.product-type.bundle.ui-testing";
		};
/* End PBXNativeTarget section */

/* Begin PBXProject section */
		279E6635215FD90D00244A99 /* Project object */ = {
			isa = PBXProject;
			attributes = {
				LastSwiftUpdateCheck = 0940;
				LastUpgradeCheck = 0940;
				ORGANIZATIONNAME = "Harry Wei";
				TargetAttributes = {
					279E663C215FD90D00244A99 = {
						CreatedOnToolsVersion = 9.4;
					};
					279E6650215FD90E00244A99 = {
						CreatedOnToolsVersion = 9.4;
						TestTargetID = 279E663C215FD90D00244A99;
					};
					279E665B215FD90E00244A99 = {
						CreatedOnToolsVersion = 9.4;
						TestTargetID = 279E663C215FD90D00244A99;
					};
				};
			};
			buildConfigurationList = 279E6638215FD90D00244A99 /* Build configuration list for PBXProject "HarryWei-Lab3" */;
			compatibilityVersion = "Xcode 9.3";
			developmentRegion = en;
			hasScannedForEncodings = 0;
			knownRegions = (
				en,
				Base,
			);
			mainGroup = 279E6634215FD90D00244A99;
			productRefGroup = 279E663E215FD90D00244A99 /* Products */;
			projectDirPath = "";
			projectRoot = "";
			targets = (
				279E663C215FD90D00244A99 /* HarryWei-Lab3 */,
				279E6650215FD90E00244A99 /* HarryWei-Lab3Tests */,
				279E665B215FD90E00244A99 /* HarryWei-Lab3UITests */,
			);
		};
/* End PBXProject section */

/* Begin PBXResourcesBuildPhase section */
		279E663B215FD90D00244A99 /* Resources */ = {
			isa = PBXResourcesBuildPhase;
			buildActionMask = 2147483647;
			files = (
				279E664B215FD90E00244A99 /* LaunchScreen.storyboard in Resources */,
				279E6648215FD90E00244A99 /* Assets.xcassets in Resources */,
				279E6646215FD90D00244A99 /* Main.storyboard in Resources */,
			);
			runOnlyForDeploymentPostprocessing = 0;
		};
		279E664F215FD90E00244A99 /* Resources */ = {
			isa = PBXResourcesBuildPhase;
			buildActionMask = 2147483647;
			files = (
			);
			runOnlyForDeploymentPostprocessing = 0;
		};
		279E665A215FD90E00244A99 /* Resources */ = {
			isa = PBXResourcesBuildPhase;
			buildActionMask = 2147483647;
			files = (
			);
			runOnlyForDeploymentPostprocessing = 0;
		};
/* End PBXResourcesBuildPhase section */

/* Begin PBXSourcesBuildPhase section */
		279E6639215FD90D00244A99 /* Sources */ = {
			isa = PBXSourcesBuildPhase;
			buildActionMask = 2147483647;
			files = (
				279E6671215FE05800244A99 /* LineView.swift in Sources */,
				279E6673216447FB00244A99 /* Circle.swift in Sources */,
				279E666F215FDFEC00244A99 /* Line.swift in Sources */,
				279E6643215FD90D00244A99 /* ViewController.swift in Sources */,
				279E66752164494300244A99 /* CircleView.swift in Sources */,
				279E6641215FD90D00244A99 /* AppDelegate.swift in Sources */,
			);
			runOnlyForDeploymentPostprocessing = 0;
		};
		279E664D215FD90E00244A99 /* Sources */ = {
			isa = PBXSourcesBuildPhase;
			buildActionMask = 2147483647;
			files = (
				279E6656215FD90E00244A99 /* HarryWei_Lab3Tests.swift in Sources */,
			);
			runOnlyForDeploymentPostprocessing = 0;
		};
		279E6658215FD90E00244A99 /* Sources */ = {
			isa = PBXSourcesBuildPhase;
			buildActionMask = 2147483647;
			files = (
				279E6661215FD90E00244A99 /* HarryWei_Lab3UITests.swift in Sources */,
			);
			runOnlyForDeploymentPostprocessing = 0;
		};
/* End PBXSourcesBuildPhase section */

/* Begin PBXTargetDependency section */
		279E6653215FD90E00244A99 /* PBXTargetDependency */ = {
			isa = PBXTargetDependency;
			target = 279E663C215FD90D00244A99 /* HarryWei-Lab3 */;
			targetProxy = 279E6652215FD90E00244A99 /* PBXContainerItemProxy */;
		};
		279E665E215FD90E00244A99 /* PBXTargetDependency */ = {
			isa = PBXTargetDependency;
			target = 279E663C215FD90D00244A99 /* HarryWei-Lab3 */;
			targetProxy = 279E665D215FD90E00244A99 /* PBXContainerItemProxy */;
		};
/* End PBXTargetDependency section */

/* Begin PBXVariantGroup section */
		279E6644215FD90D00244A99 /* Main.storyboard */ = {
			isa = PBXVariantGroup;
			children = (
				279E6645215FD90D00244A99 /* Base */,
			);
			name = Main.storyboard;
			sourceTree = "<group>";
		};
		279E6649215FD90E00244A99 /* LaunchScreen.storyboard */ = {
			isa = PBXVariantGroup;
			children = (
				279E664A215FD90E00244A99 /* Base */,
			);
			name = LaunchScreen.storyboard;
			sourceTree = "<group>";
		};
/* End PBXVariantGroup section */

/* Begin XCBuildConfiguration section */
		279E6663215FD90E00244A99 /* Debug */ = {
			isa = XCBuildConfiguration;
			buildSettings = {
				ALWAYS_SEARCH_USER_PATHS = NO;
				CLANG_ANALYZER_NONNULL = YES;
				CLANG_ANALYZER_NUMBER_OBJECT_CONVERSION = YES_AGGRESSIVE;
				CLANG_CXX_LANGUAGE_STANDARD = "gnu++14";
				CLANG_CXX_LIBRARY = "libc++";
				CLANG_ENABLE_MODULES = YES;
				CLANG_ENABLE_OBJC_ARC = YES;
				CLANG_ENABLE_OBJC_WEAK = YES;
				CLANG_WARN_BLOCK_CAPTURE_AUTORELEASING = YES;
				CLANG_WARN_BOOL_CONVERSION = YES;
				CLANG_WARN_COMMA = YES;
				CLANG_WARN_CONSTANT_CONVERSION = YES;
				CLANG_WARN_DEPRECATED_OBJC_IMPLEMENTATIONS = YES;
				CLANG_WARN_DIRECT_OBJC_ISA_USAGE = YES_ERROR;
				CLANG_WARN_DOCUMENTATION_COMMENTS = YES;
				CLANG_WARN_EMPTY_BODY = YES;
				CLANG_WARN_ENUM_CONVERSION = YES;
				CLANG_WARN_INFINITE_RECURSION = YES;
				CLANG_WARN_INT_CONVERSION = YES;
				CLANG_WARN_NON_LITERAL_NULL_CONVERSION = YES;
				CLANG_WARN_OBJC_IMPLICIT_RETAIN_SELF = YES;
				CLANG_WARN_OBJC_LITERAL_CONVERSION = YES;
				CLANG_WARN_OBJC_ROOT_CLASS = YES_ERROR;
				CLANG_WARN_RANGE_LOOP_ANALYSIS = YES;
				CLANG_WARN_STRICT_PROTOTYPES = YES;
				CLANG_WARN_SUSPICIOUS_MOVE = YES;
				CLANG_WARN_UNGUARDED_AVAILABILITY = YES_AGGRESSIVE;
				CLANG_WARN_UNREACHABLE_CODE = YES;
				CLANG_WARN__DUPLICATE_METHOD_MATCH = YES;
				CODE_SIGN_IDENTITY = "iPhone Developer";
				COPY_PHASE_STRIP = NO;
				DEBUG_INFORMATION_FORMAT = dwarf;
				ENABLE_STRICT_OBJC_MSGSEND = YES;
				ENABLE_TESTABILITY = YES;
				GCC_C_LANGUAGE_STANDARD = gnu11;
				GCC_DYNAMIC_NO_PIC = NO;
				GCC_NO_COMMON_BLOCKS = YES;
				GCC_OPTIMIZATION_LEVEL = 0;
				GCC_PREPROCESSOR_DEFINITIONS = (
					"DEBUG=1",
					"$(inherited)",
				);
				GCC_WARN_64_TO_32_BIT_CONVERSION = YES;
				GCC_WARN_ABOUT_RETURN_TYPE = YES_ERROR;
				GCC_WARN_UNDECLARED_SELECTOR = YES;
				GCC_WARN_UNINITIALIZED_AUTOS = YES_AGGRESSIVE;
				GCC_WARN_UNUSED_FUNCTION = YES;
				GCC_WARN_UNUSED_VARIABLE = YES;
				IPHONEOS_DEPLOYMENT_TARGET = 11.4;
				MTL_ENABLE_DEBUG_INFO = YES;
				ONLY_ACTIVE_ARCH = YES;
				SDKROOT = iphoneos;
				SWIFT_ACTIVE_COMPILATION_CONDITIONS = DEBUG;
				SWIFT_OPTIMIZATION_LEVEL = "-Onone";
			};
			name = Debug;
		};
		279E6664215FD90E00244A99 /* Release */ = {
			isa = XCBuildConfiguration;
			buildSettings = {
				ALWAYS_SEARCH_USER_PATHS = NO;
				CLANG_ANALYZER_NONNULL = YES;
				CLANG_ANALYZER_NUMBER_OBJECT_CONVERSION = YES_AGGRESSIVE;
				CLANG_CXX_LANGUAGE_STANDARD = "gnu++14";
				CLANG_CXX_LIBRARY = "libc++";
				CLANG_ENABLE_MODULES = YES;
				CLANG_ENABLE_OBJC_ARC = YES;
				CLANG_ENABLE_OBJC_WEAK = YES;
				CLANG_WARN_BLOCK_CAPTURE_AUTORELEASING = YES;
				CLANG_WARN_BOOL_CONVERSION = YES;
				CLANG_WARN_COMMA = YES;
				CLANG_WARN_CONSTANT_CONVERSION = YES;
				CLANG_WARN_DEPRECATED_OBJC_IMPLEMENTATIONS = YES;
				CLANG_WARN_DIRECT_OBJC_ISA_USAGE = YES_ERROR;
				CLANG_WARN_DOCUMENTATION_COMMENTS = YES;
				CLANG_WARN_EMPTY_BODY = YES;
				CLANG_WARN_ENUM_CONVERSION = YES;
				CLANG_WARN_INFINITE_RECURSION = YES;
				CLANG_WARN_INT_CONVERSION = YES;
				CLANG_WARN_NON_LITERAL_NULL_CONVERSION = YES;
				CLANG_WARN_OBJC_IMPLICIT_RETAIN_SELF = YES;
				CLANG_WARN_OBJC_LITERAL_CONVERSION = YES;
				CLANG_WARN_OBJC_ROOT_CLASS = YES_ERROR;
				CLANG_WARN_RANGE_LOOP_ANALYSIS = YES;
				CLANG_WARN_STRICT_PROTOTYPES = YES;
				CLANG_WARN_SUSPICIOUS_MOVE = YES;
				CLANG_WARN_UNGUARDED_AVAILABILITY = YES_AGGRESSIVE;
				CLANG_WARN_UNREACHABLE_CODE = YES;
				CLANG_WARN__DUPLICATE_METHOD_MATCH = YES;
				CODE_SIGN_IDENTITY = "iPhone Developer";
				COPY_PHASE_STRIP = NO;
				DEBUG_INFORMATION_FORMAT = "dwarf-with-dsym";
				ENABLE_NS_ASSERTIONS = NO;
				ENABLE_STRICT_OBJC_MSGSEND = YES;
				GCC_C_LANGUAGE_STANDARD = gnu11;
				GCC_NO_COMMON_BLOCKS = YES;
				GCC_WARN_64_TO_32_BIT_CONVERSION = YES;
				GCC_WARN_ABOUT_RETURN_TYPE = YES_ERROR;
				GCC_WARN_UNDECLARED_SELECTOR = YES;
				GCC_WARN_UNINITIALIZED_AUTOS = YES_AGGRESSIVE;
				GCC_WARN_UNUSED_FUNCTION = YES;
				GCC_WARN_UNUSED_VARIABLE = YES;
				IPHONEOS_DEPLOYMENT_TARGET = 11.4;
				MTL_ENABLE_DEBUG_INFO = NO;
				SDKROOT = iphoneos;
				SWIFT_COMPILATION_MODE = wholemodule;
				SWIFT_OPTIMIZATION_LEVEL = "-O";
				VALIDATE_PRODUCT = YES;
			};
			name = Release;
		};
		279E6666215FD90E00244A99 /* Debug */ = {
			isa = XCBuildConfiguration;
			buildSettings = {
				ASSETCATALOG_COMPILER_APPICON_NAME = AppIcon;
				CODE_SIGN_STYLE = Automatic;
				INFOPLIST_FILE = "HarryWei-Lab3/Info.plist";
				LD_RUNPATH_SEARCH_PATHS = (
					"$(inherited)",
					"@executable_path/Frameworks",
				);
				PRODUCT_BUNDLE_IDENTIFIER = "Harry-Wei.HarryWei-Lab3";
				PRODUCT_NAME = "$(TARGET_NAME)";
				SWIFT_VERSION = 4.0;
				TARGETED_DEVICE_FAMILY = "1,2";
			};
			name = Debug;
		};
		279E6667215FD90E00244A99 /* Release */ = {
			isa = XCBuildConfiguration;
			buildSettings = {
				ASSETCATALOG_COMPILER_APPICON_NAME = AppIcon;
				CODE_SIGN_STYLE = Automatic;
				INFOPLIST_FILE = "HarryWei-Lab3/Info.plist";
				LD_RUNPATH_SEARCH_PATHS = (
					"$(inherited)",
					"@executable_path/Frameworks",
				);
				PRODUCT_BUNDLE_IDENTIFIER = "Harry-Wei.HarryWei-Lab3";
				PRODUCT_NAME = "$(TARGET_NAME)";
				SWIFT_VERSION = 4.0;
				TARGETED_DEVICE_FAMILY = "1,2";
			};
			name = Release;
		};
		279E6669215FD90E00244A99 /* Debug */ = {
			isa = XCBuildConfiguration;
			buildSettings = {
				ALWAYS_EMBED_SWIFT_STANDARD_LIBRARIES = YES;
				BUNDLE_LOADER = "$(TEST_HOST)";
				CODE_SIGN_STYLE = Automatic;
				INFOPLIST_FILE = "HarryWei-Lab3Tests/Info.plist";
				LD_RUNPATH_SEARCH_PATHS = (
					"$(inherited)",
					"@executable_path/Frameworks",
					"@loader_path/Frameworks",
				);
				PRODUCT_BUNDLE_IDENTIFIER = "Harry-Wei.HarryWei-Lab3Tests";
				PRODUCT_NAME = "$(TARGET_NAME)";
				SWIFT_VERSION = 4.0;
				TARGETED_DEVICE_FAMILY = "1,2";
				TEST_HOST = "$(BUILT_PRODUCTS_DIR)/HarryWei-Lab3.app/HarryWei-Lab3";
			};
			name = Debug;
		};
		279E666A215FD90E00244A99 /* Release */ = {
			isa = XCBuildConfiguration;
			buildSettings = {
				ALWAYS_EMBED_SWIFT_STANDARD_LIBRARIES = YES;
				BUNDLE_LOADER = "$(TEST_HOST)";
				CODE_SIGN_STYLE = Automatic;
				INFOPLIST_FILE = "HarryWei-Lab3Tests/Info.plist";
				LD_RUNPATH_SEARCH_PATHS = (
					"$(inherited)",
					"@executable_path/Frameworks",
					"@loader_path/Frameworks",
				);
				PRODUCT_BUNDLE_IDENTIFIER = "Harry-Wei.HarryWei-Lab3Tests";
				PRODUCT_NAME = "$(TARGET_NAME)";
				SWIFT_VERSION = 4.0;
				TARGETED_DEVICE_FAMILY = "1,2";
				TEST_HOST = "$(BUILT_PRODUCTS_DIR)/HarryWei-Lab3.app/HarryWei-Lab3";
			};
			name = Release;
		};
		279E666C215FD90E00244A99 /* Debug */ = {
			isa = XCBuildConfiguration;
			buildSettings = {
				ALWAYS_EMBED_SWIFT_STANDARD_LIBRARIES = YES;
				CODE_SIGN_STYLE = Automatic;
				INFOPLIST_FILE = "HarryWei-Lab3UITests/Info.plist";
				LD_RUNPATH_SEARCH_PATHS = (
					"$(inherited)",
					"@executable_path/Frameworks",
					"@loader_path/Frameworks",
				);
				PRODUCT_BUNDLE_IDENTIFIER = "Harry-Wei.HarryWei-Lab3UITests";
				PRODUCT_NAME = "$(TARGET_NAME)";
				SWIFT_VERSION = 4.0;
				TARGETED_DEVICE_FAMILY = "1,2";
				TEST_TARGET_NAME = "HarryWei-Lab3";
			};
			name = Debug;
		};
		279E666D215FD90E00244A99 /* Release */ = {
			isa = XCBuildConfiguration;
			buildSettings = {
				ALWAYS_EMBED_SWIFT_STANDARD_LIBRARIES = YES;
				CODE_SIGN_STYLE = Automatic;
				INFOPLIST_FILE = "HarryWei-Lab3UITests/Info.plist";
				LD_RUNPATH_SEARCH_PATHS = (
					"$(inherited)",
					"@executable_path/Frameworks",
					"@loader_path/Frameworks",
				);
				PRODUCT_BUNDLE_IDENTIFIER = "Harry-Wei.HarryWei-Lab3UITests";
				PRODUCT_NAME = "$(TARGET_NAME)";
				SWIFT_VERSION = 4.0;
				TARGETED_DEVICE_FAMILY = "1,2";
				TEST_TARGET_NAME = "HarryWei-Lab3";
			};
			name = Release;
		};
/* End XCBuildConfiguration section */

/* Begin XCConfigurationList section */
		279E6638215FD90D00244A99 /* Build configuration list for PBXProject "HarryWei-Lab3" */ = {
			isa = XCConfigurationList;
			buildConfigurations = (
				279E6663215FD90E00244A99 /* Debug */,
				279E6664215FD90E00244A99 /* Release */,
			);
			defaultConfigurationIsVisible = 0;
			defaultConfigurationName = Release;
		};
		279E6665215FD90E00244A99 /* Build configuration list for PBXNativeTarget "HarryWei-Lab3" */ = {
			isa = XCConfigurationList;
			buildConfigurations = (
				279E6666215FD90E00244A99 /* Debug */,
				279E6667215FD90E00244A99 /* Release */,
			);
			defaultConfigurationIsVisible = 0;
			defaultConfigurationName = Release;
		};
		279E6668215FD90E00244A99 /* Build configuration list for PBXNativeTarget "HarryWei-Lab3Tests" */ = {
			isa = XCConfigurationList;
			buildConfigurations = (
				279E6669215FD90E00244A99 /* Debug */,
				279E666A215FD90E00244A99 /* Release */,
			);
			defaultConfigurationIsVisible = 0;
			defaultConfigurationName = Release;
		};
		279E666B215FD90E00244A99 /* Build configuration list for PBXNativeTarget "HarryWei-Lab3UITests" */ = {
			isa = XCConfigurationList;
			buildConfigurations = (
				279E666C215FD90E00244A99 /* Debug */,
				279E666D215FD90E00244A99 /* Release */,
			);
			defaultConfigurationIsVisible = 0;
			defaultConfigurationName = Release;
		};
/* End XCConfigurationList section */
	};
	rootObject = 279E6635215FD90D00244A99 /* Project object */;
}
